// !$*UTF8*$!
{
	archiveVersion = 1;
	classes = {
	};
	objectVersion = 56;
	objects = {

/* Begin PBXBuildFile section */
		45C218BF2B2AB96500638DD8 /* AppDelegate.swift in Sources */ = {isa = PBXBuildFile; fileRef = 45C218BE2B2AB96500638DD8 /* AppDelegate.swift */; };
		45C218C12B2AB96500638DD8 /* SceneDelegate.swift in Sources */ = {isa = PBXBuildFile; fileRef = 45C218C02B2AB96500638DD8 /* SceneDelegate.swift */; };
		45C218C82B2AB96600638DD8 /* Assets.xcassets in Resources */ = {isa = PBXBuildFile; fileRef = 45C218C72B2AB96600638DD8 /* Assets.xcassets */; };
		45C218CB2B2AB96600638DD8 /* LaunchScreen.storyboard in Resources */ = {isa = PBXBuildFile; fileRef = 45C218C92B2AB96600638DD8 /* LaunchScreen.storyboard */; };
		45C218D62B2AB96600638DD8 /* NavigationFlowTests.swift in Sources */ = {isa = PBXBuildFile; fileRef = 45C218D52B2AB96600638DD8 /* NavigationFlowTests.swift */; };
		45C218E02B2AB96600638DD8 /* NavigationFlowUITests.swift in Sources */ = {isa = PBXBuildFile; fileRef = 45C218DF2B2AB96600638DD8 /* NavigationFlowUITests.swift */; };
		45C218E22B2AB96600638DD8 /* NavigationFlowUITestsLaunchTests.swift in Sources */ = {isa = PBXBuildFile; fileRef = 45C218E12B2AB96600638DD8 /* NavigationFlowUITestsLaunchTests.swift */; };
		45C218F52B2ABB5400638DD8 /* LoginViewController.swift in Sources */ = {isa = PBXBuildFile; fileRef = 45C218F42B2ABB5400638DD8 /* LoginViewController.swift */; };
		45C219072B31499500638DD8 /* MainTabBarViewController.swift in Sources */ = {isa = PBXBuildFile; fileRef = 45C219062B31499500638DD8 /* MainTabBarViewController.swift */; };
		45C219092B314C0B00638DD8 /* LoginSession.swift in Sources */ = {isa = PBXBuildFile; fileRef = 45C219082B314C0B00638DD8 /* LoginSession.swift */; };
		45C2190C2B314EE700638DD8 /* SettingsTableViewController.swift in Sources */ = {isa = PBXBuildFile; fileRef = 45C2190B2B314EE700638DD8 /* SettingsTableViewController.swift */; };
		45C2190E2B3150CD00638DD8 /* SettingsItem.swift in Sources */ = {isa = PBXBuildFile; fileRef = 45C2190D2B3150CD00638DD8 /* SettingsItem.swift */; };
		45C2191C2B35352600638DD8 /* HomeCollectionViewController.swift in Sources */ = {isa = PBXBuildFile; fileRef = 45C2191B2B35352600638DD8 /* HomeCollectionViewController.swift */; };
		45C2191E2B35369400638DD8 /* HomeCollectionViewCell.swift in Sources */ = {isa = PBXBuildFile; fileRef = 45C2191D2B35369400638DD8 /* HomeCollectionViewCell.swift */; };
		45C219202B3538FA00638DD8 /* HomePost.swift in Sources */ = {isa = PBXBuildFile; fileRef = 45C2191F2B3538FA00638DD8 /* HomePost.swift */; };
		45C219222B353A1C00638DD8 /* PostAddViewController.swift in Sources */ = {isa = PBXBuildFile; fileRef = 45C219212B353A1C00638DD8 /* PostAddViewController.swift */; };
/* End PBXBuildFile section */

/* Begin PBXContainerItemProxy section */
		45C218D22B2AB96600638DD8 /* PBXContainerItemProxy */ = {
			isa = PBXContainerItemProxy;
			containerPortal = 45C218B32B2AB96500638DD8 /* Project object */;
			proxyType = 1;
			remoteGlobalIDString = 45C218BA2B2AB96500638DD8;
			remoteInfo = NavigationFlow;
		};
		45C218DC2B2AB96600638DD8 /* PBXContainerItemProxy */ = {
			isa = PBXContainerItemProxy;
			containerPortal = 45C218B32B2AB96500638DD8 /* Project object */;
			proxyType = 1;
			remoteGlobalIDString = 45C218BA2B2AB96500638DD8;
			remoteInfo = NavigationFlow;
		};
/* End PBXContainerItemProxy section */

/* Begin PBXFileReference section */
		45C218BB2B2AB96500638DD8 /* NavigationFlow.app */ = {isa = PBXFileReference; explicitFileType = wrapper.application; includeInIndex = 0; path = NavigationFlow.app; sourceTree = BUILT_PRODUCTS_DIR; };
		45C218BE2B2AB96500638DD8 /* AppDelegate.swift */ = {isa = PBXFileReference; lastKnownFileType = sourcecode.swift; path = AppDelegate.swift; sourceTree = "<group>"; };
		45C218C02B2AB96500638DD8 /* SceneDelegate.swift */ = {isa = PBXFileReference; lastKnownFileType = sourcecode.swift; path = SceneDelegate.swift; sourceTree = "<group>"; };
		45C218C72B2AB96600638DD8 /* Assets.xcassets */ = {isa = PBXFileReference; lastKnownFileType = folder.assetcatalog; path = Assets.xcassets; sourceTree = "<group>"; };
		45C218CA2B2AB96600638DD8 /* Base */ = {isa = PBXFileReference; lastKnownFileType = file.storyboard; name = Base; path = Base.lproj/LaunchScreen.storyboard; sourceTree = "<group>"; };
		45C218CC2B2AB96600638DD8 /* Info.plist */ = {isa = PBXFileReference; lastKnownFileType = text.plist.xml; path = Info.plist; sourceTree = "<group>"; };
		45C218D12B2AB96600638DD8 /* NavigationFlowTests.xctest */ = {isa = PBXFileReference; explicitFileType = wrapper.cfbundle; includeInIndex = 0; path = NavigationFlowTests.xctest; sourceTree = BUILT_PRODUCTS_DIR; };
		45C218D52B2AB96600638DD8 /* NavigationFlowTests.swift */ = {isa = PBXFileReference; lastKnownFileType = sourcecode.swift; path = NavigationFlowTests.swift; sourceTree = "<group>"; };
		45C218DB2B2AB96600638DD8 /* NavigationFlowUITests.xctest */ = {isa = PBXFileReference; explicitFileType = wrapper.cfbundle; includeInIndex = 0; path = NavigationFlowUITests.xctest; sourceTree = BUILT_PRODUCTS_DIR; };
		45C218DF2B2AB96600638DD8 /* NavigationFlowUITests.swift */ = {isa = PBXFileReference; lastKnownFileType = sourcecode.swift; path = NavigationFlowUITests.swift; sourceTree = "<group>"; };
		45C218E12B2AB96600638DD8 /* NavigationFlowUITestsLaunchTests.swift */ = {isa = PBXFileReference; lastKnownFileType = sourcecode.swift; path = NavigationFlowUITestsLaunchTests.swift; sourceTree = "<group>"; };
		45C218F42B2ABB5400638DD8 /* LoginViewController.swift */ = {isa = PBXFileReference; lastKnownFileType = sourcecode.swift; path = LoginViewController.swift; sourceTree = "<group>"; };
		45C219062B31499500638DD8 /* MainTabBarViewController.swift */ = {isa = PBXFileReference; lastKnownFileType = sourcecode.swift; path = MainTabBarViewController.swift; sourceTree = "<group>"; };
		45C219082B314C0B00638DD8 /* LoginSession.swift */ = {isa = PBXFileReference; lastKnownFileType = sourcecode.swift; path = LoginSession.swift; sourceTree = "<group>"; };
		45C2190B2B314EE700638DD8 /* SettingsTableViewController.swift */ = {isa = PBXFileReference; lastKnownFileType = sourcecode.swift; path = SettingsTableViewController.swift; sourceTree = "<group>"; };
		45C2190D2B3150CD00638DD8 /* SettingsItem.swift */ = {isa = PBXFileReference; lastKnownFileType = sourcecode.swift; path = SettingsItem.swift; sourceTree = "<group>"; };
		45C2191B2B35352600638DD8 /* HomeCollectionViewController.swift */ = {isa = PBXFileReference; lastKnownFileType = sourcecode.swift; path = HomeCollectionViewController.swift; sourceTree = "<group>"; };
		45C2191D2B35369400638DD8 /* HomeCollectionViewCell.swift */ = {isa = PBXFileReference; lastKnownFileType = sourcecode.swift; path = HomeCollectionViewCell.swift; sourceTree = "<group>"; };
		45C2191F2B3538FA00638DD8 /* HomePost.swift */ = {isa = PBXFileReference; lastKnownFileType = sourcecode.swift; path = HomePost.swift; sourceTree = "<group>"; };
		45C219212B353A1C00638DD8 /* PostAddViewController.swift */ = {isa = PBXFileReference; lastKnownFileType = sourcecode.swift; path = PostAddViewController.swift; sourceTree = "<group>"; };
/* End PBXFileReference section */

/* Begin PBXFrameworksBuildPhase section */
		45C218B82B2AB96500638DD8 /* Frameworks */ = {
			isa = PBXFrameworksBuildPhase;
			buildActionMask = 2147483647;
			files = (
			);
			runOnlyForDeploymentPostprocessing = 0;
		};
		45C218CE2B2AB96600638DD8 /* Frameworks */ = {
			isa = PBXFrameworksBuildPhase;
			buildActionMask = 2147483647;
			files = (
			);
			runOnlyForDeploymentPostprocessing = 0;
		};
		45C218D82B2AB96600638DD8 /* Frameworks */ = {
			isa = PBXFrameworksBuildPhase;
			buildActionMask = 2147483647;
			files = (
			);
			runOnlyForDeploymentPostprocessing = 0;
		};
/* End PBXFrameworksBuildPhase section */

/* Begin PBXGroup section */
		45C218B22B2AB96500638DD8 = {
			isa = PBXGroup;
			children = (
				45C218BD2B2AB96500638DD8 /* NavigationFlow */,
				45C218D42B2AB96600638DD8 /* NavigationFlowTests */,
				45C218DE2B2AB96600638DD8 /* NavigationFlowUITests */,
				45C218BC2B2AB96500638DD8 /* Products */,
			);
			sourceTree = "<group>";
		};
		45C218BC2B2AB96500638DD8 /* Products */ = {
			isa = PBXGroup;
			children = (
				45C218BB2B2AB96500638DD8 /* NavigationFlow.app */,
				45C218D12B2AB96600638DD8 /* NavigationFlowTests.xctest */,
				45C218DB2B2AB96600638DD8 /* NavigationFlowUITests.xctest */,
			);
			name = Products;
			sourceTree = "<group>";
		};
		45C218BD2B2AB96500638DD8 /* NavigationFlow */ = {
			isa = PBXGroup;
			children = (
				45C218F32B2ABA1500638DD8 /* Resources */,
				45C218F22B2ABA0200638DD8 /* App */,
				45C218F12B2AB9F800638DD8 /* Common */,
				45C218EE2B2AB9BF00638DD8 /* Scenes */,
				45C218CC2B2AB96600638DD8 /* Info.plist */,
			);
			path = NavigationFlow;
			sourceTree = "<group>";
		};
		45C218D42B2AB96600638DD8 /* NavigationFlowTests */ = {
			isa = PBXGroup;
			children = (
				45C218D52B2AB96600638DD8 /* NavigationFlowTests.swift */,
			);
			path = NavigationFlowTests;
			sourceTree = "<group>";
		};
		45C218DE2B2AB96600638DD8 /* NavigationFlowUITests */ = {
			isa = PBXGroup;
			children = (
				45C218DF2B2AB96600638DD8 /* NavigationFlowUITests.swift */,
				45C218E12B2AB96600638DD8 /* NavigationFlowUITestsLaunchTests.swift */,
			);
			path = NavigationFlowUITests;
			sourceTree = "<group>";
		};
		45C218EE2B2AB9BF00638DD8 /* Scenes */ = {
			isa = PBXGroup;
			children = (
				45C219192B3534FA00638DD8 /* HomeFeed */,
				45C2190A2B314ED400638DD8 /* Settings */,
				45C219052B31494500638DD8 /* MainTabBar */,
				45C218F02B2AB9CE00638DD8 /* Launcher */,
				45C218EF2B2AB9C600638DD8 /* Login */,
			);
			path = Scenes;
			sourceTree = "<group>";
		};
		45C218EF2B2AB9C600638DD8 /* Login */ = {
			isa = PBXGroup;
			children = (
				45C218F42B2ABB5400638DD8 /* LoginViewController.swift */,
				45C219082B314C0B00638DD8 /* LoginSession.swift */,
			);
			path = Login;
			sourceTree = "<group>";
		};
		45C218F02B2AB9CE00638DD8 /* Launcher */ = {
			isa = PBXGroup;
			children = (
				45C218C92B2AB96600638DD8 /* LaunchScreen.storyboard */,
			);
			path = Launcher;
			sourceTree = "<group>";
		};
		45C218F12B2AB9F800638DD8 /* Common */ = {
			isa = PBXGroup;
			children = (
			);
			path = Common;
			sourceTree = "<group>";
		};
		45C218F22B2ABA0200638DD8 /* App */ = {
			isa = PBXGroup;
			children = (
				45C218BE2B2AB96500638DD8 /* AppDelegate.swift */,
				45C218C02B2AB96500638DD8 /* SceneDelegate.swift */,
			);
			path = App;
			sourceTree = "<group>";
		};
		45C218F32B2ABA1500638DD8 /* Resources */ = {
			isa = PBXGroup;
			children = (
				45C218C72B2AB96600638DD8 /* Assets.xcassets */,
			);
			path = Resources;
			sourceTree = "<group>";
		};
		45C219052B31494500638DD8 /* MainTabBar */ = {
			isa = PBXGroup;
			children = (
				45C219062B31499500638DD8 /* MainTabBarViewController.swift */,
			);
			path = MainTabBar;
			sourceTree = "<group>";
		};
		45C2190A2B314ED400638DD8 /* Settings */ = {
			isa = PBXGroup;
			children = (
				45C2190B2B314EE700638DD8 /* SettingsTableViewController.swift */,
				45C2190D2B3150CD00638DD8 /* SettingsItem.swift */,
			);
			path = Settings;
			sourceTree = "<group>";
		};
		45C219192B3534FA00638DD8 /* HomeFeed */ = {
			isa = PBXGroup;
			children = (
				45C2191B2B35352600638DD8 /* HomeCollectionViewController.swift */,
				45C2191D2B35369400638DD8 /* HomeCollectionViewCell.swift */,
				45C2191F2B3538FA00638DD8 /* HomePost.swift */,
				45C219212B353A1C00638DD8 /* PostAddViewController.swift */,
			);
			path = HomeFeed;
			sourceTree = "<group>";
		};
/* End PBXGroup section */

/* Begin PBXNativeTarget section */
		45C218BA2B2AB96500638DD8 /* NavigationFlow */ = {
			isa = PBXNativeTarget;
			buildConfigurationList = 45C218E52B2AB96600638DD8 /* Build configuration list for PBXNativeTarget "NavigationFlow" */;
			buildPhases = (
				45C218B72B2AB96500638DD8 /* Sources */,
				45C218B82B2AB96500638DD8 /* Frameworks */,
				45C218B92B2AB96500638DD8 /* Resources */,
			);
			buildRules = (
			);
			dependencies = (
			);
			name = NavigationFlow;
			productName = NavigationFlow;
			productReference = 45C218BB2B2AB96500638DD8 /* NavigationFlow.app */;
			productType = "com.apple.product-type.application";
		};
		45C218D02B2AB96600638DD8 /* NavigationFlowTests */ = {
			isa = PBXNativeTarget;
			buildConfigurationList = 45C218E82B2AB96600638DD8 /* Build configuration list for PBXNativeTarget "NavigationFlowTests" */;
			buildPhases = (
				45C218CD2B2AB96600638DD8 /* Sources */,
				45C218CE2B2AB96600638DD8 /* Frameworks */,
				45C218CF2B2AB96600638DD8 /* Resources */,
			);
			buildRules = (
			);
			dependencies = (
				45C218D32B2AB96600638DD8 /* PBXTargetDependency */,
			);
			name = NavigationFlowTests;
			productName = NavigationFlowTests;
			productReference = 45C218D12B2AB96600638DD8 /* NavigationFlowTests.xctest */;
			productType = "com.apple.product-type.bundle.unit-test";
		};
		45C218DA2B2AB96600638DD8 /* NavigationFlowUITests */ = {
			isa = PBXNativeTarget;
			buildConfigurationList = 45C218EB2B2AB96600638DD8 /* Build configuration list for PBXNativeTarget "NavigationFlowUITests" */;
			buildPhases = (
				45C218D72B2AB96600638DD8 /* Sources */,
				45C218D82B2AB96600638DD8 /* Frameworks */,
				45C218D92B2AB96600638DD8 /* Resources */,
			);
			buildRules = (
			);
			dependencies = (
				45C218DD2B2AB96600638DD8 /* PBXTargetDependency */,
			);
			name = NavigationFlowUITests;
			productName = NavigationFlowUITests;
			productReference = 45C218DB2B2AB96600638DD8 /* NavigationFlowUITests.xctest */;
			productType = "com.apple.product-type.bundle.ui-testing";
		};
/* End PBXNativeTarget section */

/* Begin PBXProject section */
		45C218B32B2AB96500638DD8 /* Project object */ = {
			isa = PBXProject;
			attributes = {
				BuildIndependentTargetsInParallel = 1;
				LastSwiftUpdateCheck = 1500;
				LastUpgradeCheck = 1500;
				TargetAttributes = {
					45C218BA2B2AB96500638DD8 = {
						CreatedOnToolsVersion = 15.0.1;
					};
					45C218D02B2AB96600638DD8 = {
						CreatedOnToolsVersion = 15.0.1;
						TestTargetID = 45C218BA2B2AB96500638DD8;
					};
					45C218DA2B2AB96600638DD8 = {
						CreatedOnToolsVersion = 15.0.1;
						TestTargetID = 45C218BA2B2AB96500638DD8;
					};
				};
			};
			buildConfigurationList = 45C218B62B2AB96500638DD8 /* Build configuration list for PBXProject "NavigationFlow" */;
			compatibilityVersion = "Xcode 14.0";
			developmentRegion = en;
			hasScannedForEncodings = 0;
			knownRegions = (
				en,
				Base,
			);
			mainGroup = 45C218B22B2AB96500638DD8;
			productRefGroup = 45C218BC2B2AB96500638DD8 /* Products */;
			projectDirPath = "";
			projectRoot = "";
			targets = (
				45C218BA2B2AB96500638DD8 /* NavigationFlow */,
				45C218D02B2AB96600638DD8 /* NavigationFlowTests */,
				45C218DA2B2AB96600638DD8 /* NavigationFlowUITests */,
			);
		};
/* End PBXProject section */

/* Begin PBXResourcesBuildPhase section */
		45C218B92B2AB96500638DD8 /* Resources */ = {
			isa = PBXResourcesBuildPhase;
			buildActionMask = 2147483647;
			files = (
				45C218CB2B2AB96600638DD8 /* LaunchScreen.storyboard in Resources */,
				45C218C82B2AB96600638DD8 /* Assets.xcassets in Resources */,
			);
			runOnlyForDeploymentPostprocessing = 0;
		};
		45C218CF2B2AB96600638DD8 /* Resources */ = {
			isa = PBXResourcesBuildPhase;
			buildActionMask = 2147483647;
			files = (
			);
			runOnlyForDeploymentPostprocessing = 0;
		};
		45C218D92B2AB96600638DD8 /* Resources */ = {
			isa = PBXResourcesBuildPhase;
			buildActionMask = 2147483647;
			files = (
			);
			runOnlyForDeploymentPostprocessing = 0;
		};
/* End PBXResourcesBuildPhase section */

/* Begin PBXSourcesBuildPhase section */
		45C218B72B2AB96500638DD8 /* Sources */ = {
			isa = PBXSourcesBuildPhase;
			buildActionMask = 2147483647;
			files = (
				45C218F52B2ABB5400638DD8 /* LoginViewController.swift in Sources */,
				45C219072B31499500638DD8 /* MainTabBarViewController.swift in Sources */,
				45C2190E2B3150CD00638DD8 /* SettingsItem.swift in Sources */,
				45C2190C2B314EE700638DD8 /* SettingsTableViewController.swift in Sources */,
				45C218BF2B2AB96500638DD8 /* AppDelegate.swift in Sources */,
				45C2191E2B35369400638DD8 /* HomeCollectionViewCell.swift in Sources */,
				45C219202B3538FA00638DD8 /* HomePost.swift in Sources */,
				45C2191C2B35352600638DD8 /* HomeCollectionViewController.swift in Sources */,
				45C219092B314C0B00638DD8 /* LoginSession.swift in Sources */,
				45C219222B353A1C00638DD8 /* PostAddViewController.swift in Sources */,
				45C218C12B2AB96500638DD8 /* SceneDelegate.swift in Sources */,
			);
			runOnlyForDeploymentPostprocessing = 0;
		};
		45C218CD2B2AB96600638DD8 /* Sources */ = {
			isa = PBXSourcesBuildPhase;
			buildActionMask = 2147483647;
			files = (
				45C218D62B2AB96600638DD8 /* NavigationFlowTests.swift in Sources */,
			);
			runOnlyForDeploymentPostprocessing = 0;
		};
		45C218D72B2AB96600638DD8 /* Sources */ = {
			isa = PBXSourcesBuildPhase;
			buildActionMask = 2147483647;
			files = (
				45C218E22B2AB96600638DD8 /* NavigationFlowUITestsLaunchTests.swift in Sources */,
				45C218E02B2AB96600638DD8 /* NavigationFlowUITests.swift in Sources */,
			);
			runOnlyForDeploymentPostprocessing = 0;
		};
/* End PBXSourcesBuildPhase section */

/* Begin PBXTargetDependency section */
		45C218D32B2AB96600638DD8 /* PBXTargetDependency */ = {
			isa = PBXTargetDependency;
			target = 45C218BA2B2AB96500638DD8 /* NavigationFlow */;
			targetProxy = 45C218D22B2AB96600638DD8 /* PBXContainerItemProxy */;
		};
		45C218DD2B2AB96600638DD8 /* PBXTargetDependency */ = {
			isa = PBXTargetDependency;
			target = 45C218BA2B2AB96500638DD8 /* NavigationFlow */;
			targetProxy = 45C218DC2B2AB96600638DD8 /* PBXContainerItemProxy */;
		};
/* End PBXTargetDependency section */

/* Begin PBXVariantGroup section */
		45C218C92B2AB96600638DD8 /* LaunchScreen.storyboard */ = {
			isa = PBXVariantGroup;
			children = (
				45C218CA2B2AB96600638DD8 /* Base */,
			);
			name = LaunchScreen.storyboard;
			sourceTree = "<group>";
		};
/* End PBXVariantGroup section */

/* Begin XCBuildConfiguration section */
		45C218E32B2AB96600638DD8 /* Debug */ = {
			isa = XCBuildConfiguration;
			buildSettings = {
				ALWAYS_SEARCH_USER_PATHS = NO;
				ASSETCATALOG_COMPILER_GENERATE_SWIFT_ASSET_SYMBOL_EXTENSIONS = YES;
				CLANG_ANALYZER_NONNULL = YES;
				CLANG_ANALYZER_NUMBER_OBJECT_CONVERSION = YES_AGGRESSIVE;
				CLANG_CXX_LANGUAGE_STANDARD = "gnu++20";
				CLANG_ENABLE_MODULES = YES;
				CLANG_ENABLE_OBJC_ARC = YES;
				CLANG_ENABLE_OBJC_WEAK = YES;
				CLANG_WARN_BLOCK_CAPTURE_AUTORELEASING = YES;
				CLANG_WARN_BOOL_CONVERSION = YES;
				CLANG_WARN_COMMA = YES;
				CLANG_WARN_CONSTANT_CONVERSION = YES;
				CLANG_WARN_DEPRECATED_OBJC_IMPLEMENTATIONS = YES;
				CLANG_WARN_DIRECT_OBJC_ISA_USAGE = YES_ERROR;
				CLANG_WARN_DOCUMENTATION_COMMENTS = YES;
				CLANG_WARN_EMPTY_BODY = YES;
				CLANG_WARN_ENUM_CONVERSION = YES;
				CLANG_WARN_INFINITE_RECURSION = YES;
				CLANG_WARN_INT_CONVERSION = YES;
				CLANG_WARN_NON_LITERAL_NULL_CONVERSION = YES;
				CLANG_WARN_OBJC_IMPLICIT_RETAIN_SELF = YES;
				CLANG_WARN_OBJC_LITERAL_CONVERSION = YES;
				CLANG_WARN_OBJC_ROOT_CLASS = YES_ERROR;
				CLANG_WARN_QUOTED_INCLUDE_IN_FRAMEWORK_HEADER = YES;
				CLANG_WARN_RANGE_LOOP_ANALYSIS = YES;
				CLANG_WARN_STRICT_PROTOTYPES = YES;
				CLANG_WARN_SUSPICIOUS_MOVE = YES;
				CLANG_WARN_UNGUARDED_AVAILABILITY = YES_AGGRESSIVE;
				CLANG_WARN_UNREACHABLE_CODE = YES;
				CLANG_WARN__DUPLICATE_METHOD_MATCH = YES;
				COPY_PHASE_STRIP = NO;
				DEBUG_INFORMATION_FORMAT = dwarf;
				ENABLE_STRICT_OBJC_MSGSEND = YES;
				ENABLE_TESTABILITY = YES;
				ENABLE_USER_SCRIPT_SANDBOXING = YES;
				GCC_C_LANGUAGE_STANDARD = gnu17;
				GCC_DYNAMIC_NO_PIC = NO;
				GCC_NO_COMMON_BLOCKS = YES;
				GCC_OPTIMIZATION_LEVEL = 0;
				GCC_PREPROCESSOR_DEFINITIONS = (
					"DEBUG=1",
					"$(inherited)",
				);
				GCC_WARN_64_TO_32_BIT_CONVERSION = YES;
				GCC_WARN_ABOUT_RETURN_TYPE = YES_ERROR;
				GCC_WARN_UNDECLARED_SELECTOR = YES;
				GCC_WARN_UNINITIALIZED_AUTOS = YES_AGGRESSIVE;
				GCC_WARN_UNUSED_FUNCTION = YES;
				GCC_WARN_UNUSED_VARIABLE = YES;
				IPHONEOS_DEPLOYMENT_TARGET = 17.0;
				LOCALIZATION_PREFERS_STRING_CATALOGS = YES;
				MTL_ENABLE_DEBUG_INFO = INCLUDE_SOURCE;
				MTL_FAST_MATH = YES;
				ONLY_ACTIVE_ARCH = YES;
				SDKROOT = iphoneos;
				SWIFT_ACTIVE_COMPILATION_CONDITIONS = "DEBUG $(inherited)";
				SWIFT_OPTIMIZATION_LEVEL = "-Onone";
			};
			name = Debug;
		};
		45C218E42B2AB96600638DD8 /* Release */ = {
			isa = XCBuildConfiguration;
			buildSettings = {
				ALWAYS_SEARCH_USER_PATHS = NO;
				ASSETCATALOG_COMPILER_GENERATE_SWIFT_ASSET_SYMBOL_EXTENSIONS = YES;
				CLANG_ANALYZER_NONNULL = YES;
				CLANG_ANALYZER_NUMBER_OBJECT_CONVERSION = YES_AGGRESSIVE;
				CLANG_CXX_LANGUAGE_STANDARD = "gnu++20";
				CLANG_ENABLE_MODULES = YES;
				CLANG_ENABLE_OBJC_ARC = YES;
				CLANG_ENABLE_OBJC_WEAK = YES;
				CLANG_WARN_BLOCK_CAPTURE_AUTORELEASING = YES;
				CLANG_WARN_BOOL_CONVERSION = YES;
				CLANG_WARN_COMMA = YES;
				CLANG_WARN_CONSTANT_CONVERSION = YES;
				CLANG_WARN_DEPRECATED_OBJC_IMPLEMENTATIONS = YES;
				CLANG_WARN_DIRECT_OBJC_ISA_USAGE = YES_ERROR;
				CLANG_WARN_DOCUMENTATION_COMMENTS = YES;
				CLANG_WARN_EMPTY_BODY = YES;
				CLANG_WARN_ENUM_CONVERSION = YES;
				CLANG_WARN_INFINITE_RECURSION = YES;
				CLANG_WARN_INT_CONVERSION = YES;
				CLANG_WARN_NON_LITERAL_NULL_CONVERSION = YES;
				CLANG_WARN_OBJC_IMPLICIT_RETAIN_SELF = YES;
				CLANG_WARN_OBJC_LITERAL_CONVERSION = YES;
				CLANG_WARN_OBJC_ROOT_CLASS = YES_ERROR;
				CLANG_WARN_QUOTED_INCLUDE_IN_FRAMEWORK_HEADER = YES;
				CLANG_WARN_RANGE_LOOP_ANALYSIS = YES;
				CLANG_WARN_STRICT_PROTOTYPES = YES;
				CLANG_WARN_SUSPICIOUS_MOVE = YES;
				CLANG_WARN_UNGUARDED_AVAILABILITY = YES_AGGRESSIVE;
				CLANG_WARN_UNREACHABLE_CODE = YES;
				CLANG_WARN__DUPLICATE_METHOD_MATCH = YES;
				COPY_PHASE_STRIP = NO;
				DEBUG_INFORMATION_FORMAT = "dwarf-with-dsym";
				ENABLE_NS_ASSERTIONS = NO;
				ENABLE_STRICT_OBJC_MSGSEND = YES;
				ENABLE_USER_SCRIPT_SANDBOXING = YES;
				GCC_C_LANGUAGE_STANDARD = gnu17;
				GCC_NO_COMMON_BLOCKS = YES;
				GCC_WARN_64_TO_32_BIT_CONVERSION = YES;
				GCC_WARN_ABOUT_RETURN_TYPE = YES_ERROR;
				GCC_WARN_UNDECLARED_SELECTOR = YES;
				GCC_WARN_UNINITIALIZED_AUTOS = YES_AGGRESSIVE;
				GCC_WARN_UNUSED_FUNCTION = YES;
				GCC_WARN_UNUSED_VARIABLE = YES;
				IPHONEOS_DEPLOYMENT_TARGET = 17.0;
				LOCALIZATION_PREFERS_STRING_CATALOGS = YES;
				MTL_ENABLE_DEBUG_INFO = NO;
				MTL_FAST_MATH = YES;
				SDKROOT = iphoneos;
				SWIFT_COMPILATION_MODE = wholemodule;
				VALIDATE_PRODUCT = YES;
			};
			name = Release;
		};
		45C218E62B2AB96600638DD8 /* Debug */ = {
			isa = XCBuildConfiguration;
			buildSettings = {
				ASSETCATALOG_COMPILER_APPICON_NAME = AppIcon;
				ASSETCATALOG_COMPILER_GLOBAL_ACCENT_COLOR_NAME = AccentColor;
				CODE_SIGN_STYLE = Automatic;
				CURRENT_PROJECT_VERSION = 1;
				GENERATE_INFOPLIST_FILE = YES;
				INFOPLIST_FILE = NavigationFlow/Info.plist;
				INFOPLIST_KEY_UIApplicationSupportsIndirectInputEvents = YES;
				INFOPLIST_KEY_UILaunchStoryboardName = LaunchScreen;
				INFOPLIST_KEY_UISupportedInterfaceOrientations_iPad = "UIInterfaceOrientationPortrait UIInterfaceOrientationPortraitUpsideDown UIInterfaceOrientationLandscapeLeft UIInterfaceOrientationLandscapeRight";
				INFOPLIST_KEY_UISupportedInterfaceOrientations_iPhone = "UIInterfaceOrientationPortrait UIInterfaceOrientationLandscapeLeft UIInterfaceOrientationLandscapeRight";
				LD_RUNPATH_SEARCH_PATHS = (
					"$(inherited)",
					"@executable_path/Frameworks",
				);
				MARKETING_VERSION = 1.0;
				PRODUCT_BUNDLE_IDENTIFIER = com.javier.NavigationFlow;
				PRODUCT_NAME = "$(TARGET_NAME)";
				SWIFT_EMIT_LOC_STRINGS = YES;
				SWIFT_VERSION = 5.0;
				TARGETED_DEVICE_FAMILY = "1,2";
			};
			name = Debug;
		};
		45C218E72B2AB96600638DD8 /* Release */ = {
			isa = XCBuildConfiguration;
			buildSettings = {
				ASSETCATALOG_COMPILER_APPICON_NAME = AppIcon;
				ASSETCATALOG_COMPILER_GLOBAL_ACCENT_COLOR_NAME = AccentColor;
				CODE_SIGN_STYLE = Automatic;
				CURRENT_PROJECT_VERSION = 1;
				GENERATE_INFOPLIST_FILE = YES;
				INFOPLIST_FILE = NavigationFlow/Info.plist;
				INFOPLIST_KEY_UIApplicationSupportsIndirectInputEvents = YES;
				INFOPLIST_KEY_UILaunchStoryboardName = LaunchScreen;
				INFOPLIST_KEY_UISupportedInterfaceOrientations_iPad = "UIInterfaceOrientationPortrait UIInterfaceOrientationPortraitUpsideDown UIInterfaceOrientationLandscapeLeft UIInterfaceOrientationLandscapeRight";
				INFOPLIST_KEY_UISupportedInterfaceOrientations_iPhone = "UIInterfaceOrientationPortrait UIInterfaceOrientationLandscapeLeft UIInterfaceOrientationLandscapeRight";
				LD_RUNPATH_SEARCH_PATHS = (
					"$(inherited)",
					"@executable_path/Frameworks",
				);
				MARKETING_VERSION = 1.0;
				PRODUCT_BUNDLE_IDENTIFIER = com.javier.NavigationFlow;
				PRODUCT_NAME = "$(TARGET_NAME)";
				SWIFT_EMIT_LOC_STRINGS = YES;
				SWIFT_VERSION = 5.0;
				TARGETED_DEVICE_FAMILY = "1,2";
			};
			name = Release;
		};
		45C218E92B2AB96600638DD8 /* Debug */ = {
			isa = XCBuildConfiguration;
			buildSettings = {
				ALWAYS_EMBED_SWIFT_STANDARD_LIBRARIES = YES;
				BUNDLE_LOADER = "$(TEST_HOST)";
				CODE_SIGN_STYLE = Automatic;
				CURRENT_PROJECT_VERSION = 1;
				GENERATE_INFOPLIST_FILE = YES;
				IPHONEOS_DEPLOYMENT_TARGET = 17.0;
				MARKETING_VERSION = 1.0;
				PRODUCT_BUNDLE_IDENTIFIER = com.javier.NavigationFlowTests;
				PRODUCT_NAME = "$(TARGET_NAME)";
				SWIFT_EMIT_LOC_STRINGS = NO;
				SWIFT_VERSION = 5.0;
				TARGETED_DEVICE_FAMILY = "1,2";
				TEST_HOST = "$(BUILT_PRODUCTS_DIR)/NavigationFlow.app/$(BUNDLE_EXECUTABLE_FOLDER_PATH)/NavigationFlow";
			};
			name = Debug;
		};
		45C218EA2B2AB96600638DD8 /* Release */ = {
			isa = XCBuildConfiguration;
			buildSettings = {
				ALWAYS_EMBED_SWIFT_STANDARD_LIBRARIES = YES;
				BUNDLE_LOADER = "$(TEST_HOST)";
				CODE_SIGN_STYLE = Automatic;
				CURRENT_PROJECT_VERSION = 1;
				GENERATE_INFOPLIST_FILE = YES;
				IPHONEOS_DEPLOYMENT_TARGET = 17.0;
				MARKETING_VERSION = 1.0;
				PRODUCT_BUNDLE_IDENTIFIER = com.javier.NavigationFlowTests;
				PRODUCT_NAME = "$(TARGET_NAME)";
				SWIFT_EMIT_LOC_STRINGS = NO;
				SWIFT_VERSION = 5.0;
				TARGETED_DEVICE_FAMILY = "1,2";
				TEST_HOST = "$(BUILT_PRODUCTS_DIR)/NavigationFlow.app/$(BUNDLE_EXECUTABLE_FOLDER_PATH)/NavigationFlow";
			};
			name = Release;
		};
		45C218EC2B2AB96600638DD8 /* Debug */ = {
			isa = XCBuildConfiguration;
			buildSettings = {
				ALWAYS_EMBED_SWIFT_STANDARD_LIBRARIES = YES;
				CODE_SIGN_STYLE = Automatic;
				CURRENT_PROJECT_VERSION = 1;
				GENERATE_INFOPLIST_FILE = YES;
				MARKETING_VERSION = 1.0;
				PRODUCT_BUNDLE_IDENTIFIER = com.javier.NavigationFlowUITests;
				PRODUCT_NAME = "$(TARGET_NAME)";
				SWIFT_EMIT_LOC_STRINGS = NO;
				SWIFT_VERSION = 5.0;
				TARGETED_DEVICE_FAMILY = "1,2";
				TEST_TARGET_NAME = NavigationFlow;
			};
			name = Debug;
		};
		45C218ED2B2AB96600638DD8 /* Release */ = {
			isa = XCBuildConfiguration;
			buildSettings = {
				ALWAYS_EMBED_SWIFT_STANDARD_LIBRARIES = YES;
				CODE_SIGN_STYLE = Automatic;
				CURRENT_PROJECT_VERSION = 1;
				GENERATE_INFOPLIST_FILE = YES;
				MARKETING_VERSION = 1.0;
				PRODUCT_BUNDLE_IDENTIFIER = com.javier.NavigationFlowUITests;
				PRODUCT_NAME = "$(TARGET_NAME)";
				SWIFT_EMIT_LOC_STRINGS = NO;
				SWIFT_VERSION = 5.0;
				TARGETED_DEVICE_FAMILY = "1,2";
				TEST_TARGET_NAME = NavigationFlow;
			};
			name = Release;
		};
/* End XCBuildConfiguration section */

/* Begin XCConfigurationList section */
		45C218B62B2AB96500638DD8 /* Build configuration list for PBXProject "NavigationFlow" */ = {
			isa = XCConfigurationList;
			buildConfigurations = (
				45C218E32B2AB96600638DD8 /* Debug */,
				45C218E42B2AB96600638DD8 /* Release */,
			);
			defaultConfigurationIsVisible = 0;
			defaultConfigurationName = Release;
		};
		45C218E52B2AB96600638DD8 /* Build configuration list for PBXNativeTarget "NavigationFlow" */ = {
			isa = XCConfigurationList;
			buildConfigurations = (
				45C218E62B2AB96600638DD8 /* Debug */,
				45C218E72B2AB96600638DD8 /* Release */,
			);
			defaultConfigurationIsVisible = 0;
			defaultConfigurationName = Release;
		};
		45C218E82B2AB96600638DD8 /* Build configuration list for PBXNativeTarget "NavigationFlowTests" */ = {
			isa = XCConfigurationList;
			buildConfigurations = (
				45C218E92B2AB96600638DD8 /* Debug */,
				45C218EA2B2AB96600638DD8 /* Release */,
			);
			defaultConfigurationIsVisible = 0;
			defaultConfigurationName = Release;
		};
		45C218EB2B2AB96600638DD8 /* Build configuration list for PBXNativeTarget "NavigationFlowUITests" */ = {
			isa = XCConfigurationList;
			buildConfigurations = (
				45C218EC2B2AB96600638DD8 /* Debug */,
				45C218ED2B2AB96600638DD8 /* Release */,
			);
			defaultConfigurationIsVisible = 0;
			defaultConfigurationName = Release;
		};
/* End XCConfigurationList section */
	};
	rootObject = 45C218B32B2AB96500638DD8 /* Project object */;
}
